
Microsoft Visual Studio Solution File, Format Version 12.00
# Visual Studio Version 17
VisualStudioVersion = 17.8.34330.188
MinimumVisualStudioVersion = 10.0.40219.1
Project("{9A19103F-16F7-4668-BE54-9A1E7A4F7556}") = "LibraryApi", "LibraryApi.csproj", "{6781B05F-4C97-43F6-A89B-392A8F8FFE42}"
EndProject
Project("{9A19103F-16F7-4668-BE54-9A1E7A4F7556}") = "DAL", "..\DAL\DAL.csproj", "{BB7F9B31-234A-4028-AD69-44D6D79D0E4C}"
EndProject
Project("{9A19103F-16F7-4668-BE54-9A1E7A4F7556}") = "DLL", "..\DLL\DLL.csproj", "{4443016A-9746-4EF6-B7BC-818421A17FA3}"
EndProject
Project("{FAE04EC0-301F-11D3-BF4B-00C04F79EFBC}") = "AdminPanel", "..\AdminPanel\AdminPanel.csproj", "{7095D29D-B292-4B74-AF97-ED0DE909D3B6}"
EndProject
Global
	GlobalSection(SolutionConfigurationPlatforms) = preSolution
		Debug|Any CPU = Debug|Any CPU
		Release|Any CPU = Release|Any CPU
	EndGlobalSection
	GlobalSection(ProjectConfigurationPlatforms) = postSolution
		{6781B05F-4C97-43F6-A89B-392A8F8FFE42}.Debug|Any CPU.ActiveCfg = Debug|Any CPU
		{6781B05F-4C97-43F6-A89B-392A8F8FFE42}.Debug|Any CPU.Build.0 = Debug|Any CPU
		{6781B05F-4C97-43F6-A89B-392A8F8FFE42}.Release|Any CPU.ActiveCfg = Release|Any CPU
		{6781B05F-4C97-43F6-A89B-392A8F8FFE42}.Release|Any CPU.Build.0 = Release|Any CPU
		{BB7F9B31-234A-4028-AD69-44D6D79D0E4C}.Debug|Any CPU.ActiveCfg = Debug|Any CPU
		{BB7F9B31-234A-4028-AD69-44D6D79D0E4C}.Debug|Any CPU.Build.0 = Debug|Any CPU
		{BB7F9B31-234A-4028-AD69-44D6D79D0E4C}.Release|Any CPU.ActiveCfg = Release|Any CPU
		{BB7F9B31-234A-4028-AD69-44D6D79D0E4C}.Release|Any CPU.Build.0 = Release|Any CPU
		{4443016A-9746-4EF6-B7BC-818421A17FA3}.Debug|Any CPU.ActiveCfg = Debug|Any CPU
		{4443016A-9746-4EF6-B7BC-818421A17FA3}.Debug|Any CPU.Build.0 = Debug|Any CPU
		{4443016A-9746-4EF6-B7BC-818421A17FA3}.Release|Any CPU.ActiveCfg = Release|Any CPU
		{4443016A-9746-4EF6-B7BC-818421A17FA3}.Release|Any CPU.Build.0 = Release|Any CPU
		{7095D29D-B292-4B74-AF97-ED0DE909D3B6}.Debug|Any CPU.ActiveCfg = Debug|Any CPU
		{7095D29D-B292-4B74-AF97-ED0DE909D3B6}.Debug|Any CPU.Build.0 = Debug|Any CPU
		{7095D29D-B292-4B74-AF97-ED0DE909D3B6}.Release|Any CPU.ActiveCfg = Release|Any CPU
		{7095D29D-B292-4B74-AF97-ED0DE909D3B6}.Release|Any CPU.Build.0 = Release|Any CPU
	EndGlobalSection
	GlobalSection(SolutionProperties) = preSolution
		HideSolutionNode = FALSE
	EndGlobalSection
	GlobalSection(ExtensibilityGlobals) = postSolution
		SolutionGuid = {BB27ECB5-DB4F-4CF3-A90B-354988CBC70B}
	EndGlobalSection
EndGlobal
